
Microsoft Visual Studio Solution File, Format Version 12.00
# Visual Studio Version 16
VisualStudioVersion = 16.0.30011.22
MinimumVisualStudioVersion = 10.0.40219.1
Project("{FAE04EC0-301F-11D3-BF4B-00C04F79EFBC}") = "Botczak.Application", "src\Botczak.Application\Botczak.Application.csproj", "{6CE1868C-83F8-4C4F-B9CF-8E4B5846A25B}"
EndProject
Project("{FAE04EC0-301F-11D3-BF4B-00C04F79EFBC}") = "Botczak.Domain", "src\Botczak.Domain\Botczak.Domain.csproj", "{08A1E18B-6FF9-4DCB-AD45-5CA81F7C7BE0}"
EndProject
Project("{FAE04EC0-301F-11D3-BF4B-00C04F79EFBC}") = "Botczak.External", "src\Botczak.External\Botczak.External.csproj", "{B1F1120B-D4B6-4857-85EB-D2E415D78363}"
EndProject
Project("{FAE04EC0-301F-11D3-BF4B-00C04F79EFBC}") = "Botczak.Framework", "src\Botczak.Framework\Botczak.Framework.csproj", "{428F8DF6-FDAE-4395-A4B3-231101F0EE6E}"
EndProject
Project("{9A19103F-16F7-4668-BE54-9A1E7A4F7556}") = "Botzcak.Web", "src\Botzcak.Web\Botzcak.Web.csproj", "{82BCB565-AA1B-421B-AF7B-94C42E27853B}"
EndProject
Global
	GlobalSection(SolutionConfigurationPlatforms) = preSolution
		Debug|Any CPU = Debug|Any CPU
		Release|Any CPU = Release|Any CPU
	EndGlobalSection
	GlobalSection(ProjectConfigurationPlatforms) = postSolution
		{6CE1868C-83F8-4C4F-B9CF-8E4B5846A25B}.Debug|Any CPU.ActiveCfg = Debug|Any CPU
		{6CE1868C-83F8-4C4F-B9CF-8E4B5846A25B}.Debug|Any CPU.Build.0 = Debug|Any CPU
		{6CE1868C-83F8-4C4F-B9CF-8E4B5846A25B}.Release|Any CPU.ActiveCfg = Release|Any CPU
		{6CE1868C-83F8-4C4F-B9CF-8E4B5846A25B}.Release|Any CPU.Build.0 = Release|Any CPU
		{08A1E18B-6FF9-4DCB-AD45-5CA81F7C7BE0}.Debug|Any CPU.ActiveCfg = Debug|Any CPU
		{08A1E18B-6FF9-4DCB-AD45-5CA81F7C7BE0}.Debug|Any CPU.Build.0 = Debug|Any CPU
		{08A1E18B-6FF9-4DCB-AD45-5CA81F7C7BE0}.Release|Any CPU.ActiveCfg = Release|Any CPU
		{08A1E18B-6FF9-4DCB-AD45-5CA81F7C7BE0}.Release|Any CPU.Build.0 = Release|Any CPU
		{B1F1120B-D4B6-4857-85EB-D2E415D78363}.Debug|Any CPU.ActiveCfg = Debug|Any CPU
		{B1F1120B-D4B6-4857-85EB-D2E415D78363}.Debug|Any CPU.Build.0 = Debug|Any CPU
		{B1F1120B-D4B6-4857-85EB-D2E415D78363}.Release|Any CPU.ActiveCfg = Release|Any CPU
		{B1F1120B-D4B6-4857-85EB-D2E415D78363}.Release|Any CPU.Build.0 = Release|Any CPU
		{428F8DF6-FDAE-4395-A4B3-231101F0EE6E}.Debug|Any CPU.ActiveCfg = Debug|Any CPU
		{428F8DF6-FDAE-4395-A4B3-231101F0EE6E}.Debug|Any CPU.Build.0 = Debug|Any CPU
		{428F8DF6-FDAE-4395-A4B3-231101F0EE6E}.Release|Any CPU.ActiveCfg = Release|Any CPU
		{428F8DF6-FDAE-4395-A4B3-231101F0EE6E}.Release|Any CPU.Build.0 = Release|Any CPU
		{82BCB565-AA1B-421B-AF7B-94C42E27853B}.Debug|Any CPU.ActiveCfg = Debug|Any CPU
		{82BCB565-AA1B-421B-AF7B-94C42E27853B}.Debug|Any CPU.Build.0 = Debug|Any CPU
		{82BCB565-AA1B-421B-AF7B-94C42E27853B}.Release|Any CPU.ActiveCfg = Release|Any CPU
		{82BCB565-AA1B-421B-AF7B-94C42E27853B}.Release|Any CPU.Build.0 = Release|Any CPU
	EndGlobalSection
	GlobalSection(SolutionProperties) = preSolution
		HideSolutionNode = FALSE
	EndGlobalSection
	GlobalSection(ExtensibilityGlobals) = postSolution
		SolutionGuid = {A0F08084-86FF-4468-B829-F2F3C0A3F561}
	EndGlobalSection
EndGlobal
